github.com/deltegui/valtruc v1.1.0 h1:0PZ8TvJI20CMOhPUzQLkAQbkPWZyFDRY/Ij+gLZDj1I=
github.com/deltegui/valtruc v1.1.0/go.mod h1:TJBNVVrPVPrIqFbJljmZ5ArIllSonEOW09KyDg7Mu3g=
github.com/julienschmidt/httprouter v1.3.0 h1:U0609e9tgbseu3rBINet9P48AI/D3oJs4dN7jwJOQ1U=
github.com/julienschmidt/httprouter v1.3.0/go.mod h1:JR6WtHb+2LUe8TCKY3cZOxFyyO8IZAc4RVcycCCAKdM=
golang.org/x/crypto v0.37.0 h1:kJNSjF/Xp7kU0iB2Z+9viTPMW4EqqsrywMXLJOOsXSE=
golang.org/x/crypto v0.37.0/go.mod h1:vg+k43peMZ0pUMhYmVAWysMK35e6ioLh3wB8ZCAfbVc=
