github.com/deltegui/valtruc v1.3.2 h1:TX47ITqsytoeMYW1EtZbo4RCfvaUh2Q5omOsZI9PzMY=
github.com/deltegui/valtruc v1.3.2/go.mod h1:TJBNVVrPVPrIqFbJljmZ5ArIllSonEOW09KyDg7Mu3g=
github.com/julienschmidt/httprouter v1.3.0 h1:U0609e9tgbseu3rBINet9P48AI/D3oJs4dN7jwJOQ1U=
github.com/julienschmidt/httprouter v1.3.0/go.mod h1:JR6WtHb+2LUe8TCKY3cZOxFyyO8IZAc4RVcycCCAKdM=
golang.org/x/crypto v0.41.0 h1:WKYxWedPGCTVVl5+WHSSrOBT0O8lx32+zxmHxijgXp4=
golang.org/x/crypto v0.41.0/go.mod h1:pO5AFd7FA68rFak7rOAGVuygIISepHftHnr8dr6+sUc=
